// !$*UTF8*$!
{
	archiveVersion = 1;
	classes = {
	};
	objectVersion = 46;
	objects = {

/* Begin PBXBuildFile section */
		43EF78811E0FD6B900992702 /* AppDelegate.swift in Sources */ = {isa = PBXBuildFile; fileRef = 43EF78801E0FD6B900992702 /* AppDelegate.swift */; };
		43EF78831E0FD6B900992702 /* ViewController.swift in Sources */ = {isa = PBXBuildFile; fileRef = 43EF78821E0FD6B900992702 /* ViewController.swift */; };
		43EF78861E0FD6B900992702 /* Main.storyboard in Resources */ = {isa = PBXBuildFile; fileRef = 43EF78841E0FD6B900992702 /* Main.storyboard */; };
		43EF78881E0FD6B900992702 /* Assets.xcassets in Resources */ = {isa = PBXBuildFile; fileRef = 43EF78871E0FD6B900992702 /* Assets.xcassets */; };
		43EF788B1E0FD6B900992702 /* LaunchScreen.storyboard in Resources */ = {isa = PBXBuildFile; fileRef = 43EF78891E0FD6B900992702 /* LaunchScreen.storyboard */; };
		43EF78961E0FD6B900992702 /* FirstDemoTests.swift in Sources */ = {isa = PBXBuildFile; fileRef = 43EF78951E0FD6B900992702 /* FirstDemoTests.swift */; };
/* End PBXBuildFile section */

/* Begin PBXContainerItemProxy section */
		43EF78921E0FD6B900992702 /* PBXContainerItemProxy */ = {
			isa = PBXContainerItemProxy;
			containerPortal = 43EF78751E0FD6B900992702 /* Project object */;
			proxyType = 1;
			remoteGlobalIDString = 43EF787C1E0FD6B900992702;
			remoteInfo = FirstDemo;
		};
/* End PBXContainerItemProxy section */

/* Begin PBXFileReference section */
		43EF787D1E0FD6B900992702 /* FirstDemo.app */ = {isa = PBXFileReference; explicitFileType = wrapper.application; includeInIndex = 0; path = FirstDemo.app; sourceTree = BUILT_PRODUCTS_DIR; };
		43EF78801E0FD6B900992702 /* AppDelegate.swift */ = {isa = PBXFileReference; lastKnownFileType = sourcecode.swift; path = AppDelegate.swift; sourceTree = "<group>"; };
		43EF78821E0FD6B900992702 /* ViewController.swift */ = {isa = PBXFileReference; lastKnownFileType = sourcecode.swift; path = ViewController.swift; sourceTree = "<group>"; };
		43EF78851E0FD6B900992702 /* Base */ = {isa = PBXFileReference; lastKnownFileType = file.storyboard; name = Base; path = Base.lproj/Main.storyboard; sourceTree = "<group>"; };
		43EF78871E0FD6B900992702 /* Assets.xcassets */ = {isa = PBXFileReference; lastKnownFileType = folder.assetcatalog; path = Assets.xcassets; sourceTree = "<group>"; };
		43EF788A1E0FD6B900992702 /* Base */ = {isa = PBXFileReference; lastKnownFileType = file.storyboard; name = Base; path = Base.lproj/LaunchScreen.storyboard; sourceTree = "<group>"; };
		43EF788C1E0FD6B900992702 /* Info.plist */ = {isa = PBXFileReference; lastKnownFileType = text.plist.xml; path = Info.plist; sourceTree = "<group>"; };
		43EF78911E0FD6B900992702 /* FirstDemoTests.xctest */ = {isa = PBXFileReference; explicitFileType = wrapper.cfbundle; includeInIndex = 0; path = FirstDemoTests.xctest; sourceTree = BUILT_PRODUCTS_DIR; };
		43EF78951E0FD6B900992702 /* FirstDemoTests.swift */ = {isa = PBXFileReference; lastKnownFileType = sourcecode.swift; path = FirstDemoTests.swift; sourceTree = "<group>"; };
		43EF78971E0FD6B900992702 /* Info.plist */ = {isa = PBXFileReference; lastKnownFileType = text.plist.xml; path = Info.plist; sourceTree = "<group>"; };
/* End PBXFileReference section */

/* Begin PBXFrameworksBuildPhase section */
		43EF787A1E0FD6B900992702 /* Frameworks */ = {
			isa = PBXFrameworksBuildPhase;
			buildActionMask = 2147483647;
			files = (
			);
			runOnlyForDeploymentPostprocessing = 0;
		};
		43EF788E1E0FD6B900992702 /* Frameworks */ = {
			isa = PBXFrameworksBuildPhase;
			buildActionMask = 2147483647;
			files = (
			);
			runOnlyForDeploymentPostprocessing = 0;
		};
/* End PBXFrameworksBuildPhase section */

/* Begin PBXGroup section */
		43EF78741E0FD6B900992702 = {
			isa = PBXGroup;
			children = (
				43EF787F1E0FD6B900992702 /* FirstDemo */,
				43EF78941E0FD6B900992702 /* FirstDemoTests */,
				43EF787E1E0FD6B900992702 /* Products */,
			);
			sourceTree = "<group>";
		};
		43EF787E1E0FD6B900992702 /* Products */ = {
			isa = PBXGroup;
			children = (
				43EF787D1E0FD6B900992702 /* FirstDemo.app */,
				43EF78911E0FD6B900992702 /* FirstDemoTests.xctest */,
			);
			name = Products;
			sourceTree = "<group>";
		};
		43EF787F1E0FD6B900992702 /* FirstDemo */ = {
			isa = PBXGroup;
			children = (
				43EF78801E0FD6B900992702 /* AppDelegate.swift */,
				43EF78821E0FD6B900992702 /* ViewController.swift */,
				43EF78841E0FD6B900992702 /* Main.storyboard */,
				43EF78871E0FD6B900992702 /* Assets.xcassets */,
				43EF78891E0FD6B900992702 /* LaunchScreen.storyboard */,
				43EF788C1E0FD6B900992702 /* Info.plist */,
			);
			path = FirstDemo;
			sourceTree = "<group>";
		};
		43EF78941E0FD6B900992702 /* FirstDemoTests */ = {
			isa = PBXGroup;
			children = (
				43EF78951E0FD6B900992702 /* FirstDemoTests.swift */,
				43EF78971E0FD6B900992702 /* Info.plist */,
			);
			path = FirstDemoTests;
			sourceTree = "<group>";
		};
/* End PBXGroup section */

/* Begin PBXNativeTarget section */
		43EF787C1E0FD6B900992702 /* FirstDemo */ = {
			isa = PBXNativeTarget;
			buildConfigurationList = 43EF789A1E0FD6B900992702 /* Build configuration list for PBXNativeTarget "FirstDemo" */;
			buildPhases = (
				43EF78791E0FD6B900992702 /* Sources */,
				43EF787A1E0FD6B900992702 /* Frameworks */,
				43EF787B1E0FD6B900992702 /* Resources */,
			);
			buildRules = (
			);
			dependencies = (
			);
			name = FirstDemo;
			productName = FirstDemo;
			productReference = 43EF787D1E0FD6B900992702 /* FirstDemo.app */;
			productType = "com.apple.product-type.application";
		};
		43EF78901E0FD6B900992702 /* FirstDemoTests */ = {
			isa = PBXNativeTarget;
			buildConfigurationList = 43EF789D1E0FD6B900992702 /* Build configuration list for PBXNativeTarget "FirstDemoTests" */;
			buildPhases = (
				43EF788D1E0FD6B900992702 /* Sources */,
				43EF788E1E0FD6B900992702 /* Frameworks */,
				43EF788F1E0FD6B900992702 /* Resources */,
			);
			buildRules = (
			);
			dependencies = (
				43EF78931E0FD6B900992702 /* PBXTargetDependency */,
			);
			name = FirstDemoTests;
			productName = FirstDemoTests;
			productReference = 43EF78911E0FD6B900992702 /* FirstDemoTests.xctest */;
			productType = "com.apple.product-type.bundle.unit-test";
		};
/* End PBXNativeTarget section */

/* Begin PBXProject section */
		43EF78751E0FD6B900992702 /* Project object */ = {
			isa = PBXProject;
			attributes = {
				LastSwiftUpdateCheck = 0800;
				LastUpgradeCheck = 0800;
				ORGANIZATIONNAME = Smartouch;
				TargetAttributes = {
					43EF787C1E0FD6B900992702 = {
						CreatedOnToolsVersion = 8.0;
						DevelopmentTeam = 5RC636U77H;
						ProvisioningStyle = Automatic;
					};
					43EF78901E0FD6B900992702 = {
						CreatedOnToolsVersion = 8.0;
						DevelopmentTeam = 5RC636U77H;
						ProvisioningStyle = Automatic;
						TestTargetID = 43EF787C1E0FD6B900992702;
					};
				};
			};
			buildConfigurationList = 43EF78781E0FD6B900992702 /* Build configuration list for PBXProject "FirstDemo" */;
			compatibilityVersion = "Xcode 3.2";
			developmentRegion = English;
			hasScannedForEncodings = 0;
			knownRegions = (
				en,
				Base,
			);
			mainGroup = 43EF78741E0FD6B900992702;
			productRefGroup = 43EF787E1E0FD6B900992702 /* Products */;
			projectDirPath = "";
			projectRoot = "";
			targets = (
				43EF787C1E0FD6B900992702 /* FirstDemo */,
				43EF78901E0FD6B900992702 /* FirstDemoTests */,
			);
		};
/* End PBXProject section */

/* Begin PBXResourcesBuildPhase section */
		43EF787B1E0FD6B900992702 /* Resources */ = {
			isa = PBXResourcesBuildPhase;
			buildActionMask = 2147483647;
			files = (
				43EF788B1E0FD6B900992702 /* LaunchScreen.storyboard in Resources */,
				43EF78881E0FD6B900992702 /* Assets.xcassets in Resources */,
				43EF78861E0FD6B900992702 /* Main.storyboard in Resources */,
			);
			runOnlyForDeploymentPostprocessing = 0;
		};
		43EF788F1E0FD6B900992702 /* Resources */ = {
			isa = PBXResourcesBuildPhase;
			buildActionMask = 2147483647;
			files = (
			);
			runOnlyForDeploymentPostprocessing = 0;
		};
/* End PBXResourcesBuildPhase section */

/* Begin PBXSourcesBuildPhase section */
		43EF78791E0FD6B900992702 /* Sources */ = {
			isa = PBXSourcesBuildPhase;
			buildActionMask = 2147483647;
			files = (
				43EF78831E0FD6B900992702 /* ViewController.swift in Sources */,
				43EF78811E0FD6B900992702 /* AppDelegate.swift in Sources */,
			);
			runOnlyForDeploymentPostprocessing = 0;
		};
		43EF788D1E0FD6B900992702 /* Sources */ = {
			isa = PBXSourcesBuildPhase;
			buildActionMask = 2147483647;
			files = (
				43EF78961E0FD6B900992702 /* FirstDemoTests.swift in Sources */,
			);
			runOnlyForDeploymentPostprocessing = 0;
		};
/* End PBXSourcesBuildPhase section */

/* Begin PBXTargetDependency section */
		43EF78931E0FD6B900992702 /* PBXTargetDependency */ = {
			isa = PBXTargetDependency;
			target = 43EF787C1E0FD6B900992702 /* FirstDemo */;
			targetProxy = 43EF78921E0FD6B900992702 /* PBXContainerItemProxy */;
		};
/* End PBXTargetDependency section */

/* Begin PBXVariantGroup section */
		43EF78841E0FD6B900992702 /* Main.storyboard */ = {
			isa = PBXVariantGroup;
			children = (
				43EF78851E0FD6B900992702 /* Base */,
			);
			name = Main.storyboard;
			sourceTree = "<group>";
		};
		43EF78891E0FD6B900992702 /* LaunchScreen.storyboard */ = {
			isa = PBXVariantGroup;
			children = (
				43EF788A1E0FD6B900992702 /* Base */,
			);
			name = LaunchScreen.storyboard;
			sourceTree = "<group>";
		};
/* End PBXVariantGroup section */

/* Begin XCBuildConfiguration section */
		43EF78981E0FD6B900992702 /* Debug */ = {
			isa = XCBuildConfiguration;
			buildSettings = {
				ALWAYS_SEARCH_USER_PATHS = NO;
				CLANG_ANALYZER_NONNULL = YES;
				CLANG_CXX_LANGUAGE_STANDARD = "gnu++0x";
				CLANG_CXX_LIBRARY = "libc++";
				CLANG_ENABLE_MODULES = YES;
				CLANG_ENABLE_OBJC_ARC = YES;
				CLANG_WARN_BOOL_CONVERSION = YES;
				CLANG_WARN_CONSTANT_CONVERSION = YES;
				CLANG_WARN_DIRECT_OBJC_ISA_USAGE = YES_ERROR;
				CLANG_WARN_DOCUMENTATION_COMMENTS = YES;
				CLANG_WARN_EMPTY_BODY = YES;
				CLANG_WARN_ENUM_CONVERSION = YES;
				CLANG_WARN_INFINITE_RECURSION = YES;
				CLANG_WARN_INT_CONVERSION = YES;
				CLANG_WARN_OBJC_ROOT_CLASS = YES_ERROR;
				CLANG_WARN_SUSPICIOUS_MOVES = YES;
				CLANG_WARN_UNREACHABLE_CODE = YES;
				CLANG_WARN__DUPLICATE_METHOD_MATCH = YES;
				"CODE_SIGN_IDENTITY[sdk=iphoneos*]" = "iPhone Developer";
				COPY_PHASE_STRIP = NO;
				DEBUG_INFORMATION_FORMAT = dwarf;
				ENABLE_STRICT_OBJC_MSGSEND = YES;
				ENABLE_TESTABILITY = YES;
				GCC_C_LANGUAGE_STANDARD = gnu99;
				GCC_DYNAMIC_NO_PIC = NO;
				GCC_NO_COMMON_BLOCKS = YES;
				GCC_OPTIMIZATION_LEVEL = 0;
				GCC_PREPROCESSOR_DEFINITIONS = (
					"DEBUG=1",
					"$(inherited)",
				);
				GCC_WARN_64_TO_32_BIT_CONVERSION = YES;
				GCC_WARN_ABOUT_RETURN_TYPE = YES_ERROR;
				GCC_WARN_UNDECLARED_SELECTOR = YES;
				GCC_WARN_UNINITIALIZED_AUTOS = YES_AGGRESSIVE;
				GCC_WARN_UNUSED_FUNCTION = YES;
				GCC_WARN_UNUSED_VARIABLE = YES;
				IPHONEOS_DEPLOYMENT_TARGET = 10.0;
				MTL_ENABLE_DEBUG_INFO = YES;
				ONLY_ACTIVE_ARCH = YES;
				SDKROOT = iphoneos;
				SWIFT_ACTIVE_COMPILATION_CONDITIONS = DEBUG;
				SWIFT_OPTIMIZATION_LEVEL = "-Onone";
			};
			name = Debug;
		};
		43EF78991E0FD6B900992702 /* Release */ = {
			isa = XCBuildConfiguration;
			buildSettings = {
				ALWAYS_SEARCH_USER_PATHS = NO;
				CLANG_ANALYZER_NONNULL = YES;
				CLANG_CXX_LANGUAGE_STANDARD = "gnu++0x";
				CLANG_CXX_LIBRARY = "libc++";
				CLANG_ENABLE_MODULES = YES;
				CLANG_ENABLE_OBJC_ARC = YES;
				CLANG_WARN_BOOL_CONVERSION = YES;
				CLANG_WARN_CONSTANT_CONVERSION = YES;
				CLANG_WARN_DIRECT_OBJC_ISA_USAGE = YES_ERROR;
				CLANG_WARN_DOCUMENTATION_COMMENTS = YES;
				CLANG_WARN_EMPTY_BODY = YES;
				CLANG_WARN_ENUM_CONVERSION = YES;
				CLANG_WARN_INFINITE_RECURSION = YES;
				CLANG_WARN_INT_CONVERSION = YES;
				CLANG_WARN_OBJC_ROOT_CLASS = YES_ERROR;
				CLANG_WARN_SUSPICIOUS_MOVES = YES;
				CLANG_WARN_UNREACHABLE_CODE = YES;
				CLANG_WARN__DUPLICATE_METHOD_MATCH = YES;
				"CODE_SIGN_IDENTITY[sdk=iphoneos*]" = "iPhone Developer";
				COPY_PHASE_STRIP = NO;
				DEBUG_INFORMATION_FORMAT = "dwarf-with-dsym";
				ENABLE_NS_ASSERTIONS = NO;
				ENABLE_STRICT_OBJC_MSGSEND = YES;
				GCC_C_LANGUAGE_STANDARD = gnu99;
				GCC_NO_COMMON_BLOCKS = YES;
				GCC_WARN_64_TO_32_BIT_CONVERSION = YES;
				GCC_WARN_ABOUT_RETURN_TYPE = YES_ERROR;
				GCC_WARN_UNDECLARED_SELECTOR = YES;
				GCC_WARN_UNINITIALIZED_AUTOS = YES_AGGRESSIVE;
				GCC_WARN_UNUSED_FUNCTION = YES;
				GCC_WARN_UNUSED_VARIABLE = YES;
				IPHONEOS_DEPLOYMENT_TARGET = 10.0;
				MTL_ENABLE_DEBUG_INFO = NO;
				SDKROOT = iphoneos;
				SWIFT_OPTIMIZATION_LEVEL = "-Owholemodule";
				VALIDATE_PRODUCT = YES;
			};
			name = Release;
		};
		43EF789B1E0FD6B900992702 /* Debug */ = {
			isa = XCBuildConfiguration;
			buildSettings = {
				ASSETCATALOG_COMPILER_APPICON_NAME = AppIcon;
				DEVELOPMENT_TEAM = 5RC636U77H;
				INFOPLIST_FILE = FirstDemo/Info.plist;
				LD_RUNPATH_SEARCH_PATHS = "$(inherited) @executable_path/Frameworks";
				PRODUCT_BUNDLE_IDENTIFIER = eu.smartouch.dev.FirstDemo;
				PRODUCT_NAME = "$(TARGET_NAME)";
				SWIFT_VERSION = 3.0;
			};
			name = Debug;
		};
		43EF789C1E0FD6B900992702 /* Release */ = {
			isa = XCBuildConfiguration;
			buildSettings = {
				ASSETCATALOG_COMPILER_APPICON_NAME = AppIcon;
				DEVELOPMENT_TEAM = 5RC636U77H;
				INFOPLIST_FILE = FirstDemo/Info.plist;
				LD_RUNPATH_SEARCH_PATHS = "$(inherited) @executable_path/Frameworks";
				PRODUCT_BUNDLE_IDENTIFIER = eu.smartouch.dev.FirstDemo;
				PRODUCT_NAME = "$(TARGET_NAME)";
				SWIFT_VERSION = 3.0;
			};
			name = Release;
		};
		43EF789E1E0FD6B900992702 /* Debug */ = {
			isa = XCBuildConfiguration;
			buildSettings = {
				ALWAYS_EMBED_SWIFT_STANDARD_LIBRARIES = YES;
				BUNDLE_LOADER = "$(TEST_HOST)";
				DEVELOPMENT_TEAM = 5RC636U77H;
				INFOPLIST_FILE = FirstDemoTests/Info.plist;
				LD_RUNPATH_SEARCH_PATHS = "$(inherited) @executable_path/Frameworks @loader_path/Frameworks";
				PRODUCT_BUNDLE_IDENTIFIER = eu.smartouch.dev.FirstDemoTests;
				PRODUCT_NAME = "$(TARGET_NAME)";
				SWIFT_VERSION = 3.0;
				TEST_HOST = "$(BUILT_PRODUCTS_DIR)/FirstDemo.app/FirstDemo";
			};
			name = Debug;
		};
		43EF789F1E0FD6B900992702 /* Release */ = {
			isa = XCBuildConfiguration;
			buildSettings = {
				ALWAYS_EMBED_SWIFT_STANDARD_LIBRARIES = YES;
				BUNDLE_LOADER = "$(TEST_HOST)";
				DEVELOPMENT_TEAM = 5RC636U77H;
				INFOPLIST_FILE = FirstDemoTests/Info.plist;
				LD_RUNPATH_SEARCH_PATHS = "$(inherited) @executable_path/Frameworks @loader_path/Frameworks";
				PRODUCT_BUNDLE_IDENTIFIER = eu.smartouch.dev.FirstDemoTests;
				PRODUCT_NAME = "$(TARGET_NAME)";
				SWIFT_VERSION = 3.0;
				TEST_HOST = "$(BUILT_PRODUCTS_DIR)/FirstDemo.app/FirstDemo";
			};
			name = Release;
		};
/* End XCBuildConfiguration section */

/* Begin XCConfigurationList section */
		43EF78781E0FD6B900992702 /* Build configuration list for PBXProject "FirstDemo" */ = {
			isa = XCConfigurationList;
			buildConfigurations = (
				43EF78981E0FD6B900992702 /* Debug */,
				43EF78991E0FD6B900992702 /* Release */,
			);
			defaultConfigurationIsVisible = 0;
			defaultConfigurationName = Release;
		};
		43EF789A1E0FD6B900992702 /* Build configuration list for PBXNativeTarget "FirstDemo" */ = {
			isa = XCConfigurationList;
			buildConfigurations = (
				43EF789B1E0FD6B900992702 /* Debug */,
				43EF789C1E0FD6B900992702 /* Release */,
			);
			defaultConfigurationIsVisible = 0;
		};
		43EF789D1E0FD6B900992702 /* Build configuration list for PBXNativeTarget "FirstDemoTests" */ = {
			isa = XCConfigurationList;
			buildConfigurations = (
				43EF789E1E0FD6B900992702 /* Debug */,
				43EF789F1E0FD6B900992702 /* Release */,
			);
			defaultConfigurationIsVisible = 0;
		};
/* End XCConfigurationList section */
	};
	rootObject = 43EF78751E0FD6B900992702 /* Project object */;
}
